
Microsoft Visual Studio Solution File, Format Version 12.00
# Visual Studio 14
VisualStudioVersion = 14.0.24720.0
MinimumVisualStudioVersion = 10.0.40219.1
Project("{FAE04EC0-301F-11D3-BF4B-00C04F79EFBC}") = "FRS.Repository", "Repository\FRS.Repository.csproj", "{852BDC39-3388-4CB1-A959-F3BD06E9DF92}"
EndProject
Project("{FAE04EC0-301F-11D3-BF4B-00C04F79EFBC}") = "FRS.Interfaces", "Interfaces\FRS.Interfaces.csproj", "{98F7A831-6D93-48E9-950F-623772AA607A}"
EndProject
Project("{FAE04EC0-301F-11D3-BF4B-00C04F79EFBC}") = "FRS.Models", "Models\FRS.Models.csproj", "{81067904-2176-4648-87AB-014B0D76B85E}"
EndProject
Project("{FAE04EC0-301F-11D3-BF4B-00C04F79EFBC}") = "FRS.Implementation", "Implementation\FRS.Implementation.csproj", "{42D2E6C0-74F1-46FB-B7BA-43251156275D}"
EndProject
Project("{FAE04EC0-301F-11D3-BF4B-00C04F79EFBC}") = "FRS.WebBase", "WebBase\FRS.WebBase.csproj", "{BCB8BCFD-0163-430C-8088-224074D6E384}"
EndProject
Project("{FAE04EC0-301F-11D3-BF4B-00C04F79EFBC}") = "FRS.Web", "FRS.Web\FRS.Web.csproj", "{426080DD-D8CB-49F2-9645-DFD962ADFFDF}"
EndProject
Project("{00D1A9C2-B5F0-4AF3-8072-F6C62B433612}") = "FRSDatabase", "FRSDatabase\FRSDatabase.sqlproj", "{B8A8F2DD-DE07-4F2D-A1D9-B9DBB01FD375}"
EndProject
Project("{FAE04EC0-301F-11D3-BF4B-00C04F79EFBC}") = "FRS.Commons", "FRS.Commons\FRS.Commons.csproj", "{C495B1EB-AC68-44F5-B2FA-D36083EB7BEC}"
EndProject
Project("{2150E333-8FDC-42A3-9474-1A3956D46DE8}") = "FRS.Assemblies", "FRS.Assemblies", "{E3B505CB-5E48-470A-9270-AC19D2D1E1C1}"
	ProjectSection(SolutionItems) = preProject
		CaresAssemblies\SendGrid.SmtpApi.dll = CaresAssemblies\SendGrid.SmtpApi.dll
	EndProjectSection
EndProject
Project("{FAE04EC0-301F-11D3-BF4B-00C04F79EFBC}") = "FRS.MT940Loader", "FRS.MT940Loader\FRS.MT940Loader.csproj", "{F58978F5-8273-4746-BE9A-E00B12427BEB}"
EndProject
Project("{FAE04EC0-301F-11D3-BF4B-00C04F79EFBC}") = "FRS.ConsoleTester", "FRS.ConsoleTester\FRS.ConsoleTester.csproj", "{FBFC543D-68CE-40C4-87FE-465FA00CB428}"
EndProject
Global
	GlobalSection(SolutionConfigurationPlatforms) = preSolution
		Debug|Any CPU = Debug|Any CPU
		Debug|x64 = Debug|x64
		Debug|x86 = Debug|x86
		Release|Any CPU = Release|Any CPU
		Release|x64 = Release|x64
		Release|x86 = Release|x86
	EndGlobalSection
	GlobalSection(ProjectConfigurationPlatforms) = postSolution
		{852BDC39-3388-4CB1-A959-F3BD06E9DF92}.Debug|Any CPU.ActiveCfg = Debug|Any CPU
		{852BDC39-3388-4CB1-A959-F3BD06E9DF92}.Debug|Any CPU.Build.0 = Debug|Any CPU
		{852BDC39-3388-4CB1-A959-F3BD06E9DF92}.Debug|x64.ActiveCfg = Debug|Any CPU
		{852BDC39-3388-4CB1-A959-F3BD06E9DF92}.Debug|x64.Build.0 = Debug|Any CPU
		{852BDC39-3388-4CB1-A959-F3BD06E9DF92}.Debug|x86.ActiveCfg = Debug|Any CPU
		{852BDC39-3388-4CB1-A959-F3BD06E9DF92}.Debug|x86.Build.0 = Debug|Any CPU
		{852BDC39-3388-4CB1-A959-F3BD06E9DF92}.Release|Any CPU.ActiveCfg = Release|Any CPU
		{852BDC39-3388-4CB1-A959-F3BD06E9DF92}.Release|Any CPU.Build.0 = Release|Any CPU
		{852BDC39-3388-4CB1-A959-F3BD06E9DF92}.Release|x64.ActiveCfg = Release|Any CPU
		{852BDC39-3388-4CB1-A959-F3BD06E9DF92}.Release|x64.Build.0 = Release|Any CPU
		{852BDC39-3388-4CB1-A959-F3BD06E9DF92}.Release|x86.ActiveCfg = Release|Any CPU
		{852BDC39-3388-4CB1-A959-F3BD06E9DF92}.Release|x86.Build.0 = Release|Any CPU
		{98F7A831-6D93-48E9-950F-623772AA607A}.Debug|Any CPU.ActiveCfg = Debug|Any CPU
		{98F7A831-6D93-48E9-950F-623772AA607A}.Debug|Any CPU.Build.0 = Debug|Any CPU
		{98F7A831-6D93-48E9-950F-623772AA607A}.Debug|x64.ActiveCfg = Debug|Any CPU
		{98F7A831-6D93-48E9-950F-623772AA607A}.Debug|x64.Build.0 = Debug|Any CPU
		{98F7A831-6D93-48E9-950F-623772AA607A}.Debug|x86.ActiveCfg = Debug|Any CPU
		{98F7A831-6D93-48E9-950F-623772AA607A}.Debug|x86.Build.0 = Debug|Any CPU
		{98F7A831-6D93-48E9-950F-623772AA607A}.Release|Any CPU.ActiveCfg = Release|Any CPU
		{98F7A831-6D93-48E9-950F-623772AA607A}.Release|Any CPU.Build.0 = Release|Any CPU
		{98F7A831-6D93-48E9-950F-623772AA607A}.Release|x64.ActiveCfg = Release|Any CPU
		{98F7A831-6D93-48E9-950F-623772AA607A}.Release|x64.Build.0 = Release|Any CPU
		{98F7A831-6D93-48E9-950F-623772AA607A}.Release|x86.ActiveCfg = Release|Any CPU
		{98F7A831-6D93-48E9-950F-623772AA607A}.Release|x86.Build.0 = Release|Any CPU
		{81067904-2176-4648-87AB-014B0D76B85E}.Debug|Any CPU.ActiveCfg = Debug|Any CPU
		{81067904-2176-4648-87AB-014B0D76B85E}.Debug|Any CPU.Build.0 = Debug|Any CPU
		{81067904-2176-4648-87AB-014B0D76B85E}.Debug|x64.ActiveCfg = Debug|Any CPU
		{81067904-2176-4648-87AB-014B0D76B85E}.Debug|x64.Build.0 = Debug|Any CPU
		{81067904-2176-4648-87AB-014B0D76B85E}.Debug|x86.ActiveCfg = Debug|Any CPU
		{81067904-2176-4648-87AB-014B0D76B85E}.Debug|x86.Build.0 = Debug|Any CPU
		{81067904-2176-4648-87AB-014B0D76B85E}.Release|Any CPU.ActiveCfg = Release|Any CPU
		{81067904-2176-4648-87AB-014B0D76B85E}.Release|Any CPU.Build.0 = Release|Any CPU
		{81067904-2176-4648-87AB-014B0D76B85E}.Release|x64.ActiveCfg = Release|Any CPU
		{81067904-2176-4648-87AB-014B0D76B85E}.Release|x64.Build.0 = Release|Any CPU
		{81067904-2176-4648-87AB-014B0D76B85E}.Release|x86.ActiveCfg = Release|Any CPU
		{81067904-2176-4648-87AB-014B0D76B85E}.Release|x86.Build.0 = Release|Any CPU
		{42D2E6C0-74F1-46FB-B7BA-43251156275D}.Debug|Any CPU.ActiveCfg = Debug|Any CPU
		{42D2E6C0-74F1-46FB-B7BA-43251156275D}.Debug|Any CPU.Build.0 = Debug|Any CPU
		{42D2E6C0-74F1-46FB-B7BA-43251156275D}.Debug|x64.ActiveCfg = Debug|Any CPU
		{42D2E6C0-74F1-46FB-B7BA-43251156275D}.Debug|x64.Build.0 = Debug|Any CPU
		{42D2E6C0-74F1-46FB-B7BA-43251156275D}.Debug|x86.ActiveCfg = Debug|Any CPU
		{42D2E6C0-74F1-46FB-B7BA-43251156275D}.Debug|x86.Build.0 = Debug|Any CPU
		{42D2E6C0-74F1-46FB-B7BA-43251156275D}.Release|Any CPU.ActiveCfg = Release|Any CPU
		{42D2E6C0-74F1-46FB-B7BA-43251156275D}.Release|Any CPU.Build.0 = Release|Any CPU
		{42D2E6C0-74F1-46FB-B7BA-43251156275D}.Release|x64.ActiveCfg = Release|Any CPU
		{42D2E6C0-74F1-46FB-B7BA-43251156275D}.Release|x64.Build.0 = Release|Any CPU
		{42D2E6C0-74F1-46FB-B7BA-43251156275D}.Release|x86.ActiveCfg = Release|Any CPU
		{42D2E6C0-74F1-46FB-B7BA-43251156275D}.Release|x86.Build.0 = Release|Any CPU
		{BCB8BCFD-0163-430C-8088-224074D6E384}.Debug|Any CPU.ActiveCfg = Debug|Any CPU
		{BCB8BCFD-0163-430C-8088-224074D6E384}.Debug|Any CPU.Build.0 = Debug|Any CPU
		{BCB8BCFD-0163-430C-8088-224074D6E384}.Debug|x64.ActiveCfg = Debug|Any CPU
		{BCB8BCFD-0163-430C-8088-224074D6E384}.Debug|x64.Build.0 = Debug|Any CPU
		{BCB8BCFD-0163-430C-8088-224074D6E384}.Debug|x86.ActiveCfg = Debug|Any CPU
		{BCB8BCFD-0163-430C-8088-224074D6E384}.Debug|x86.Build.0 = Debug|Any CPU
		{BCB8BCFD-0163-430C-8088-224074D6E384}.Release|Any CPU.ActiveCfg = Release|Any CPU
		{BCB8BCFD-0163-430C-8088-224074D6E384}.Release|Any CPU.Build.0 = Release|Any CPU
		{BCB8BCFD-0163-430C-8088-224074D6E384}.Release|x64.ActiveCfg = Release|Any CPU
		{BCB8BCFD-0163-430C-8088-224074D6E384}.Release|x64.Build.0 = Release|Any CPU
		{BCB8BCFD-0163-430C-8088-224074D6E384}.Release|x86.ActiveCfg = Release|Any CPU
		{BCB8BCFD-0163-430C-8088-224074D6E384}.Release|x86.Build.0 = Release|Any CPU
		{426080DD-D8CB-49F2-9645-DFD962ADFFDF}.Debug|Any CPU.ActiveCfg = Debug|Any CPU
		{426080DD-D8CB-49F2-9645-DFD962ADFFDF}.Debug|Any CPU.Build.0 = Debug|Any CPU
		{426080DD-D8CB-49F2-9645-DFD962ADFFDF}.Debug|x64.ActiveCfg = Debug|Any CPU
		{426080DD-D8CB-49F2-9645-DFD962ADFFDF}.Debug|x64.Build.0 = Debug|Any CPU
		{426080DD-D8CB-49F2-9645-DFD962ADFFDF}.Debug|x86.ActiveCfg = Debug|Any CPU
		{426080DD-D8CB-49F2-9645-DFD962ADFFDF}.Debug|x86.Build.0 = Debug|Any CPU
		{426080DD-D8CB-49F2-9645-DFD962ADFFDF}.Release|Any CPU.ActiveCfg = Release|Any CPU
		{426080DD-D8CB-49F2-9645-DFD962ADFFDF}.Release|Any CPU.Build.0 = Release|Any CPU
		{426080DD-D8CB-49F2-9645-DFD962ADFFDF}.Release|x64.ActiveCfg = Release|Any CPU
		{426080DD-D8CB-49F2-9645-DFD962ADFFDF}.Release|x64.Build.0 = Release|Any CPU
		{426080DD-D8CB-49F2-9645-DFD962ADFFDF}.Release|x86.ActiveCfg = Release|Any CPU
		{426080DD-D8CB-49F2-9645-DFD962ADFFDF}.Release|x86.Build.0 = Release|Any CPU
		{B8A8F2DD-DE07-4F2D-A1D9-B9DBB01FD375}.Debug|Any CPU.ActiveCfg = Debug|Any CPU
		{B8A8F2DD-DE07-4F2D-A1D9-B9DBB01FD375}.Debug|Any CPU.Build.0 = Debug|Any CPU
		{B8A8F2DD-DE07-4F2D-A1D9-B9DBB01FD375}.Debug|Any CPU.Deploy.0 = Debug|Any CPU
		{B8A8F2DD-DE07-4F2D-A1D9-B9DBB01FD375}.Debug|x64.ActiveCfg = Debug|Any CPU
		{B8A8F2DD-DE07-4F2D-A1D9-B9DBB01FD375}.Debug|x64.Build.0 = Debug|Any CPU
		{B8A8F2DD-DE07-4F2D-A1D9-B9DBB01FD375}.Debug|x64.Deploy.0 = Debug|Any CPU
		{B8A8F2DD-DE07-4F2D-A1D9-B9DBB01FD375}.Debug|x86.ActiveCfg = Debug|Any CPU
		{B8A8F2DD-DE07-4F2D-A1D9-B9DBB01FD375}.Debug|x86.Build.0 = Debug|Any CPU
		{B8A8F2DD-DE07-4F2D-A1D9-B9DBB01FD375}.Debug|x86.Deploy.0 = Debug|Any CPU
		{B8A8F2DD-DE07-4F2D-A1D9-B9DBB01FD375}.Release|Any CPU.ActiveCfg = Release|Any CPU
		{B8A8F2DD-DE07-4F2D-A1D9-B9DBB01FD375}.Release|Any CPU.Build.0 = Release|Any CPU
		{B8A8F2DD-DE07-4F2D-A1D9-B9DBB01FD375}.Release|Any CPU.Deploy.0 = Release|Any CPU
		{B8A8F2DD-DE07-4F2D-A1D9-B9DBB01FD375}.Release|x64.ActiveCfg = Release|Any CPU
		{B8A8F2DD-DE07-4F2D-A1D9-B9DBB01FD375}.Release|x64.Build.0 = Release|Any CPU
		{B8A8F2DD-DE07-4F2D-A1D9-B9DBB01FD375}.Release|x64.Deploy.0 = Release|Any CPU
		{B8A8F2DD-DE07-4F2D-A1D9-B9DBB01FD375}.Release|x86.ActiveCfg = Release|Any CPU
		{B8A8F2DD-DE07-4F2D-A1D9-B9DBB01FD375}.Release|x86.Build.0 = Release|Any CPU
		{B8A8F2DD-DE07-4F2D-A1D9-B9DBB01FD375}.Release|x86.Deploy.0 = Release|Any CPU
		{C495B1EB-AC68-44F5-B2FA-D36083EB7BEC}.Debug|Any CPU.ActiveCfg = Debug|Any CPU
		{C495B1EB-AC68-44F5-B2FA-D36083EB7BEC}.Debug|Any CPU.Build.0 = Debug|Any CPU
		{C495B1EB-AC68-44F5-B2FA-D36083EB7BEC}.Debug|x64.ActiveCfg = Debug|Any CPU
		{C495B1EB-AC68-44F5-B2FA-D36083EB7BEC}.Debug|x64.Build.0 = Debug|Any CPU
		{C495B1EB-AC68-44F5-B2FA-D36083EB7BEC}.Debug|x86.ActiveCfg = Debug|Any CPU
		{C495B1EB-AC68-44F5-B2FA-D36083EB7BEC}.Debug|x86.Build.0 = Debug|Any CPU
		{C495B1EB-AC68-44F5-B2FA-D36083EB7BEC}.Release|Any CPU.ActiveCfg = Release|Any CPU
		{C495B1EB-AC68-44F5-B2FA-D36083EB7BEC}.Release|Any CPU.Build.0 = Release|Any CPU
		{C495B1EB-AC68-44F5-B2FA-D36083EB7BEC}.Release|x64.ActiveCfg = Release|Any CPU
		{C495B1EB-AC68-44F5-B2FA-D36083EB7BEC}.Release|x64.Build.0 = Release|Any CPU
		{C495B1EB-AC68-44F5-B2FA-D36083EB7BEC}.Release|x86.ActiveCfg = Release|Any CPU
		{C495B1EB-AC68-44F5-B2FA-D36083EB7BEC}.Release|x86.Build.0 = Release|Any CPU
		{F58978F5-8273-4746-BE9A-E00B12427BEB}.Debug|Any CPU.ActiveCfg = Debug|Any CPU
		{F58978F5-8273-4746-BE9A-E00B12427BEB}.Debug|Any CPU.Build.0 = Debug|Any CPU
		{F58978F5-8273-4746-BE9A-E00B12427BEB}.Debug|x64.ActiveCfg = Debug|Any CPU
		{F58978F5-8273-4746-BE9A-E00B12427BEB}.Debug|x64.Build.0 = Debug|Any CPU
		{F58978F5-8273-4746-BE9A-E00B12427BEB}.Debug|x86.ActiveCfg = Debug|Any CPU
		{F58978F5-8273-4746-BE9A-E00B12427BEB}.Debug|x86.Build.0 = Debug|Any CPU
		{F58978F5-8273-4746-BE9A-E00B12427BEB}.Release|Any CPU.ActiveCfg = Release|Any CPU
		{F58978F5-8273-4746-BE9A-E00B12427BEB}.Release|Any CPU.Build.0 = Release|Any CPU
		{F58978F5-8273-4746-BE9A-E00B12427BEB}.Release|x64.ActiveCfg = Release|Any CPU
		{F58978F5-8273-4746-BE9A-E00B12427BEB}.Release|x64.Build.0 = Release|Any CPU
		{F58978F5-8273-4746-BE9A-E00B12427BEB}.Release|x86.ActiveCfg = Release|Any CPU
		{F58978F5-8273-4746-BE9A-E00B12427BEB}.Release|x86.Build.0 = Release|Any CPU
		{FBFC543D-68CE-40C4-87FE-465FA00CB428}.Debug|Any CPU.ActiveCfg = Debug|Any CPU
		{FBFC543D-68CE-40C4-87FE-465FA00CB428}.Debug|Any CPU.Build.0 = Debug|Any CPU
		{FBFC543D-68CE-40C4-87FE-465FA00CB428}.Debug|x64.ActiveCfg = Debug|Any CPU
		{FBFC543D-68CE-40C4-87FE-465FA00CB428}.Debug|x64.Build.0 = Debug|Any CPU
		{FBFC543D-68CE-40C4-87FE-465FA00CB428}.Debug|x86.ActiveCfg = Debug|Any CPU
		{FBFC543D-68CE-40C4-87FE-465FA00CB428}.Debug|x86.Build.0 = Debug|Any CPU
		{FBFC543D-68CE-40C4-87FE-465FA00CB428}.Release|Any CPU.ActiveCfg = Release|Any CPU
		{FBFC543D-68CE-40C4-87FE-465FA00CB428}.Release|Any CPU.Build.0 = Release|Any CPU
		{FBFC543D-68CE-40C4-87FE-465FA00CB428}.Release|x64.ActiveCfg = Release|Any CPU
		{FBFC543D-68CE-40C4-87FE-465FA00CB428}.Release|x64.Build.0 = Release|Any CPU
		{FBFC543D-68CE-40C4-87FE-465FA00CB428}.Release|x86.ActiveCfg = Release|Any CPU
		{FBFC543D-68CE-40C4-87FE-465FA00CB428}.Release|x86.Build.0 = Release|Any CPU
	EndGlobalSection
	GlobalSection(SolutionProperties) = preSolution
		HideSolutionNode = FALSE
	EndGlobalSection
	GlobalSection(ExtensibilityGlobals) = postSolution
		EnterpriseLibraryConfigurationToolBinariesPathV6 = packages\EnterpriseLibrary.Common.6.0.1304.0\lib\NET45;packages\EnterpriseLibrary.Logging.6.0.1304.0\lib\NET45;packages\EnterpriseLibrary.Data.6.0.1304.0\lib\NET45;packages\EnterpriseLibrary.Logging.Database.6.0.1304.0\lib\NET45
	EndGlobalSection
EndGlobal
